
Microsoft Visual Studio Solution File, Format Version 12.00
# Visual Studio 14
VisualStudioVersion = 14.0.24720.0
MinimumVisualStudioVersion = 10.0.40219.1
Project("{8BC9CEB8-8B4A-11D0-8D11-00A0C91BC942}") = "Prob 6.1", "Prob 6.1\Prob 6.1.vcxproj", "{97563824-ADCC-47A7-A3E7-D853F8BDD8FB}"
EndProject
Project("{8BC9CEB8-8B4A-11D0-8D11-00A0C91BC942}") = "Prob 6.2", "Prob 6.2\Prob 6.2.vcxproj", "{5C88DD39-AC57-4EB0-A198-81DD9D74D3AF}"
EndProject
Project("{8BC9CEB8-8B4A-11D0-8D11-00A0C91BC942}") = "Prob 6.3", "Prob 6.3\Prob 6.3.vcxproj", "{CD11CDF1-4E2A-4708-BEEB-55FC3B023EE3}"
EndProject
Global
	GlobalSection(SolutionConfigurationPlatforms) = preSolution
		Debug|x64 = Debug|x64
		Debug|x86 = Debug|x86
		Release|x64 = Release|x64
		Release|x86 = Release|x86
	EndGlobalSection
	GlobalSection(ProjectConfigurationPlatforms) = postSolution
		{97563824-ADCC-47A7-A3E7-D853F8BDD8FB}.Debug|x64.ActiveCfg = Debug|x64
		{97563824-ADCC-47A7-A3E7-D853F8BDD8FB}.Debug|x64.Build.0 = Debug|x64
		{97563824-ADCC-47A7-A3E7-D853F8BDD8FB}.Debug|x86.ActiveCfg = Debug|Win32
		{97563824-ADCC-47A7-A3E7-D853F8BDD8FB}.Debug|x86.Build.0 = Debug|Win32
		{97563824-ADCC-47A7-A3E7-D853F8BDD8FB}.Release|x64.ActiveCfg = Release|x64
		{97563824-ADCC-47A7-A3E7-D853F8BDD8FB}.Release|x64.Build.0 = Release|x64
		{97563824-ADCC-47A7-A3E7-D853F8BDD8FB}.Release|x86.ActiveCfg = Release|Win32
		{97563824-ADCC-47A7-A3E7-D853F8BDD8FB}.Release|x86.Build.0 = Release|Win32
		{5C88DD39-AC57-4EB0-A198-81DD9D74D3AF}.Debug|x64.ActiveCfg = Debug|x64
		{5C88DD39-AC57-4EB0-A198-81DD9D74D3AF}.Debug|x64.Build.0 = Debug|x64
		{5C88DD39-AC57-4EB0-A198-81DD9D74D3AF}.Debug|x86.ActiveCfg = Debug|Win32
		{5C88DD39-AC57-4EB0-A198-81DD9D74D3AF}.Debug|x86.Build.0 = Debug|Win32
		{5C88DD39-AC57-4EB0-A198-81DD9D74D3AF}.Release|x64.ActiveCfg = Release|x64
		{5C88DD39-AC57-4EB0-A198-81DD9D74D3AF}.Release|x64.Build.0 = Release|x64
		{5C88DD39-AC57-4EB0-A198-81DD9D74D3AF}.Release|x86.ActiveCfg = Release|Win32
		{5C88DD39-AC57-4EB0-A198-81DD9D74D3AF}.Release|x86.Build.0 = Release|Win32
		{CD11CDF1-4E2A-4708-BEEB-55FC3B023EE3}.Debug|x64.ActiveCfg = Debug|x64
		{CD11CDF1-4E2A-4708-BEEB-55FC3B023EE3}.Debug|x64.Build.0 = Debug|x64
		{CD11CDF1-4E2A-4708-BEEB-55FC3B023EE3}.Debug|x86.ActiveCfg = Debug|Win32
		{CD11CDF1-4E2A-4708-BEEB-55FC3B023EE3}.Debug|x86.Build.0 = Debug|Win32
		{CD11CDF1-4E2A-4708-BEEB-55FC3B023EE3}.Release|x64.ActiveCfg = Release|x64
		{CD11CDF1-4E2A-4708-BEEB-55FC3B023EE3}.Release|x64.Build.0 = Release|x64
		{CD11CDF1-4E2A-4708-BEEB-55FC3B023EE3}.Release|x86.ActiveCfg = Release|Win32
		{CD11CDF1-4E2A-4708-BEEB-55FC3B023EE3}.Release|x86.Build.0 = Release|Win32
	EndGlobalSection
	GlobalSection(SolutionProperties) = preSolution
		HideSolutionNode = FALSE
	EndGlobalSection
EndGlobal
